
Microsoft Visual Studio Solution File, Format Version 12.00
# Visual Studio Version 16
VisualStudioVersion = 16.0.33920.266
MinimumVisualStudioVersion = 10.0.40219.1
Project("{FAE04EC0-301F-11D3-BF4B-00C04F79EFBC}") = "ServiceLifeApi", "ServiceLifeApi.csproj", "{7DE02DDE-BA70-4A55-B413-29200145F5EB}"
EndProject
Global
	GlobalSection(SolutionConfigurationPlatforms) = preSolution
		Debug|Any CPU = Debug|Any CPU
		Release|Any CPU = Release|Any CPU
	EndGlobalSection
	GlobalSection(ProjectConfigurationPlatforms) = postSolution
		{7DE02DDE-BA70-4A55-B413-29200145F5EB}.Debug|Any CPU.ActiveCfg = Debug|Any CPU
		{7DE02DDE-BA70-4A55-B413-29200145F5EB}.Debug|Any CPU.Build.0 = Debug|Any CPU
		{7DE02DDE-BA70-4A55-B413-29200145F5EB}.Release|Any CPU.ActiveCfg = Release|Any CPU
		{7DE02DDE-BA70-4A55-B413-29200145F5EB}.Release|Any CPU.Build.0 = Release|Any CPU
	EndGlobalSection
	GlobalSection(SolutionProperties) = preSolution
		HideSolutionNode = FALSE
	EndGlobalSection
	GlobalSection(ExtensibilityGlobals) = postSolution
		SolutionGuid = {71273A76-B344-4DA5-ADB2-1EF7F4FDAC02}
	EndGlobalSection
EndGlobal
